// !$*UTF8*$!
{
	archiveVersion = 1;
	classes = {
	};
	objectVersion = 46;
	objects = {

/* Begin PBXBuildFile section */
		C7F7E2371985AF0300B35B86 /* Foundation.framework in Frameworks */ = {isa = PBXBuildFile; fileRef = C7F7E2361985AF0300B35B86 /* Foundation.framework */; };
		C7F7E2391985AF0300B35B86 /* CoreGraphics.framework in Frameworks */ = {isa = PBXBuildFile; fileRef = C7F7E2381985AF0300B35B86 /* CoreGraphics.framework */; };
		C7F7E23B1985AF0300B35B86 /* UIKit.framework in Frameworks */ = {isa = PBXBuildFile; fileRef = C7F7E23A1985AF0300B35B86 /* UIKit.framework */; };
		C7F7E2411985AF0300B35B86 /* InfoPlist.strings in Resources */ = {isa = PBXBuildFile; fileRef = C7F7E23F1985AF0300B35B86 /* InfoPlist.strings */; };
		C7F7E2431985AF0300B35B86 /* main.m in Sources */ = {isa = PBXBuildFile; fileRef = C7F7E2421985AF0300B35B86 /* main.m */; };
		C7F7E2471985AF0300B35B86 /* TEAAppDelegate.m in Sources */ = {isa = PBXBuildFile; fileRef = C7F7E2461985AF0300B35B86 /* TEAAppDelegate.m */; };
		C7F7E24A1985AF0300B35B86 /* Main.storyboard in Resources */ = {isa = PBXBuildFile; fileRef = C7F7E2481985AF0300B35B86 /* Main.storyboard */; };
		C7F7E24D1985AF0300B35B86 /* TEAViewController.m in Sources */ = {isa = PBXBuildFile; fileRef = C7F7E24C1985AF0300B35B86 /* TEAViewController.m */; };
		C7F7E24F1985AF0300B35B86 /* Images.xcassets in Resources */ = {isa = PBXBuildFile; fileRef = C7F7E24E1985AF0300B35B86 /* Images.xcassets */; };
		C7F7E2561985AF0300B35B86 /* XCTest.framework in Frameworks */ = {isa = PBXBuildFile; fileRef = C7F7E2551985AF0300B35B86 /* XCTest.framework */; };
		C7F7E2571985AF0300B35B86 /* Foundation.framework in Frameworks */ = {isa = PBXBuildFile; fileRef = C7F7E2361985AF0300B35B86 /* Foundation.framework */; };
		C7F7E2581985AF0300B35B86 /* UIKit.framework in Frameworks */ = {isa = PBXBuildFile; fileRef = C7F7E23A1985AF0300B35B86 /* UIKit.framework */; };
		C7F7E2601985AF0400B35B86 /* InfoPlist.strings in Resources */ = {isa = PBXBuildFile; fileRef = C7F7E25E1985AF0400B35B86 /* InfoPlist.strings */; };
		C7F7E2621985AF0400B35B86 /* NSUserDefaults__Segues_and_Protocols_Challenge_SolutionTests.m in Sources */ = {isa = PBXBuildFile; fileRef = C7F7E2611985AF0400B35B86 /* NSUserDefaults__Segues_and_Protocols_Challenge_SolutionTests.m */; };
/* End PBXBuildFile section */

/* Begin PBXContainerItemProxy section */
		C7F7E2591985AF0400B35B86 /* PBXContainerItemProxy */ = {
			isa = PBXContainerItemProxy;
			containerPortal = C7F7E22B1985AF0300B35B86 /* Project object */;
			proxyType = 1;
			remoteGlobalIDString = C7F7E2321985AF0300B35B86;
			remoteInfo = "NSUserDefaults, Segues and Protocols Challenge Solution";
		};
/* End PBXContainerItemProxy section */

/* Begin PBXFileReference section */
		C7F7E2331985AF0300B35B86 /* NSUserDefaults, Segues and Protocols Challenge Solution.app */ = {isa = PBXFileReference; explicitFileType = wrapper.application; includeInIndex = 0; path = "NSUserDefaults, Segues and Protocols Challenge Solution.app"; sourceTree = BUILT_PRODUCTS_DIR; };
		C7F7E2361985AF0300B35B86 /* Foundation.framework */ = {isa = PBXFileReference; lastKnownFileType = wrapper.framework; name = Foundation.framework; path = System/Library/Frameworks/Foundation.framework; sourceTree = SDKROOT; };
		C7F7E2381985AF0300B35B86 /* CoreGraphics.framework */ = {isa = PBXFileReference; lastKnownFileType = wrapper.framework; name = CoreGraphics.framework; path = System/Library/Frameworks/CoreGraphics.framework; sourceTree = SDKROOT; };
		C7F7E23A1985AF0300B35B86 /* UIKit.framework */ = {isa = PBXFileReference; lastKnownFileType = wrapper.framework; name = UIKit.framework; path = System/Library/Frameworks/UIKit.framework; sourceTree = SDKROOT; };
		C7F7E23E1985AF0300B35B86 /* NSUserDefaults, Segues and Protocols Challenge Solution-Info.plist */ = {isa = PBXFileReference; lastKnownFileType = text.plist.xml; path = "NSUserDefaults, Segues and Protocols Challenge Solution-Info.plist"; sourceTree = "<group>"; };
		C7F7E2401985AF0300B35B86 /* en */ = {isa = PBXFileReference; lastKnownFileType = text.plist.strings; name = en; path = en.lproj/InfoPlist.strings; sourceTree = "<group>"; };
		C7F7E2421985AF0300B35B86 /* main.m */ = {isa = PBXFileReference; lastKnownFileType = sourcecode.c.objc; path = main.m; sourceTree = "<group>"; };
		C7F7E2441985AF0300B35B86 /* NSUserDefaults, Segues and Protocols Challenge Solution-Prefix.pch */ = {isa = PBXFileReference; lastKnownFileType = sourcecode.c.h; path = "NSUserDefaults, Segues and Protocols Challenge Solution-Prefix.pch"; sourceTree = "<group>"; };
		C7F7E2451985AF0300B35B86 /* TEAAppDelegate.h */ = {isa = PBXFileReference; lastKnownFileType = sourcecode.c.h; path = TEAAppDelegate.h; sourceTree = "<group>"; };
		C7F7E2461985AF0300B35B86 /* TEAAppDelegate.m */ = {isa = PBXFileReference; lastKnownFileType = sourcecode.c.objc; path = TEAAppDelegate.m; sourceTree = "<group>"; };
		C7F7E2491985AF0300B35B86 /* Base */ = {isa = PBXFileReference; lastKnownFileType = file.storyboard; name = Base; path = Base.lproj/Main.storyboard; sourceTree = "<group>"; };
		C7F7E24B1985AF0300B35B86 /* TEAViewController.h */ = {isa = PBXFileReference; lastKnownFileType = sourcecode.c.h; path = TEAViewController.h; sourceTree = "<group>"; };
		C7F7E24C1985AF0300B35B86 /* TEAViewController.m */ = {isa = PBXFileReference; lastKnownFileType = sourcecode.c.objc; path = TEAViewController.m; sourceTree = "<group>"; };
		C7F7E24E1985AF0300B35B86 /* Images.xcassets */ = {isa = PBXFileReference; lastKnownFileType = folder.assetcatalog; path = Images.xcassets; sourceTree = "<group>"; };
		C7F7E2541985AF0300B35B86 /* NSUserDefaults, Segues and Protocols Challenge SolutionTests.xctest */ = {isa = PBXFileReference; explicitFileType = wrapper.cfbundle; includeInIndex = 0; path = "NSUserDefaults, Segues and Protocols Challenge SolutionTests.xctest"; sourceTree = BUILT_PRODUCTS_DIR; };
		C7F7E2551985AF0300B35B86 /* XCTest.framework */ = {isa = PBXFileReference; lastKnownFileType = wrapper.framework; name = XCTest.framework; path = Library/Frameworks/XCTest.framework; sourceTree = DEVELOPER_DIR; };
		C7F7E25D1985AF0400B35B86 /* NSUserDefaults, Segues and Protocols Challenge SolutionTests-Info.plist */ = {isa = PBXFileReference; lastKnownFileType = text.plist.xml; path = "NSUserDefaults, Segues and Protocols Challenge SolutionTests-Info.plist"; sourceTree = "<group>"; };
		C7F7E25F1985AF0400B35B86 /* en */ = {isa = PBXFileReference; lastKnownFileType = text.plist.strings; name = en; path = en.lproj/InfoPlist.strings; sourceTree = "<group>"; };
		C7F7E2611985AF0400B35B86 /* NSUserDefaults__Segues_and_Protocols_Challenge_SolutionTests.m */ = {isa = PBXFileReference; lastKnownFileType = sourcecode.c.objc; path = NSUserDefaults__Segues_and_Protocols_Challenge_SolutionTests.m; sourceTree = "<group>"; };
/* End PBXFileReference section */

/* Begin PBXFrameworksBuildPhase section */
		C7F7E2301985AF0300B35B86 /* Frameworks */ = {
			isa = PBXFrameworksBuildPhase;
			buildActionMask = 2147483647;
			files = (
				C7F7E2391985AF0300B35B86 /* CoreGraphics.framework in Frameworks */,
				C7F7E23B1985AF0300B35B86 /* UIKit.framework in Frameworks */,
				C7F7E2371985AF0300B35B86 /* Foundation.framework in Frameworks */,
			);
			runOnlyForDeploymentPostprocessing = 0;
		};
		C7F7E2511985AF0300B35B86 /* Frameworks */ = {
			isa = PBXFrameworksBuildPhase;
			buildActionMask = 2147483647;
			files = (
				C7F7E2561985AF0300B35B86 /* XCTest.framework in Frameworks */,
				C7F7E2581985AF0300B35B86 /* UIKit.framework in Frameworks */,
				C7F7E2571985AF0300B35B86 /* Foundation.framework in Frameworks */,
			);
			runOnlyForDeploymentPostprocessing = 0;
		};
/* End PBXFrameworksBuildPhase section */

/* Begin PBXGroup section */
		C7F7E22A1985AF0300B35B86 = {
			isa = PBXGroup;
			children = (
				C7F7E23C1985AF0300B35B86 /* NSUserDefaults, Segues and Protocols Challenge Solution */,
				C7F7E25B1985AF0400B35B86 /* NSUserDefaults, Segues and Protocols Challenge SolutionTests */,
				C7F7E2351985AF0300B35B86 /* Frameworks */,
				C7F7E2341985AF0300B35B86 /* Products */,
			);
			sourceTree = "<group>";
		};
		C7F7E2341985AF0300B35B86 /* Products */ = {
			isa = PBXGroup;
			children = (
				C7F7E2331985AF0300B35B86 /* NSUserDefaults, Segues and Protocols Challenge Solution.app */,
				C7F7E2541985AF0300B35B86 /* NSUserDefaults, Segues and Protocols Challenge SolutionTests.xctest */,
			);
			name = Products;
			sourceTree = "<group>";
		};
		C7F7E2351985AF0300B35B86 /* Frameworks */ = {
			isa = PBXGroup;
			children = (
				C7F7E2361985AF0300B35B86 /* Foundation.framework */,
				C7F7E2381985AF0300B35B86 /* CoreGraphics.framework */,
				C7F7E23A1985AF0300B35B86 /* UIKit.framework */,
				C7F7E2551985AF0300B35B86 /* XCTest.framework */,
			);
			name = Frameworks;
			sourceTree = "<group>";
		};
		C7F7E23C1985AF0300B35B86 /* NSUserDefaults, Segues and Protocols Challenge Solution */ = {
			isa = PBXGroup;
			children = (
				C7F7E2451985AF0300B35B86 /* TEAAppDelegate.h */,
				C7F7E2461985AF0300B35B86 /* TEAAppDelegate.m */,
				C7F7E2481985AF0300B35B86 /* Main.storyboard */,
				C7F7E24B1985AF0300B35B86 /* TEAViewController.h */,
				C7F7E24C1985AF0300B35B86 /* TEAViewController.m */,
				C7F7E24E1985AF0300B35B86 /* Images.xcassets */,
				C7F7E23D1985AF0300B35B86 /* Supporting Files */,
			);
			path = "NSUserDefaults, Segues and Protocols Challenge Solution";
			sourceTree = "<group>";
		};
		C7F7E23D1985AF0300B35B86 /* Supporting Files */ = {
			isa = PBXGroup;
			children = (
				C7F7E23E1985AF0300B35B86 /* NSUserDefaults, Segues and Protocols Challenge Solution-Info.plist */,
				C7F7E23F1985AF0300B35B86 /* InfoPlist.strings */,
				C7F7E2421985AF0300B35B86 /* main.m */,
				C7F7E2441985AF0300B35B86 /* NSUserDefaults, Segues and Protocols Challenge Solution-Prefix.pch */,
			);
			name = "Supporting Files";
			sourceTree = "<group>";
		};
		C7F7E25B1985AF0400B35B86 /* NSUserDefaults, Segues and Protocols Challenge SolutionTests */ = {
			isa = PBXGroup;
			children = (
				C7F7E2611985AF0400B35B86 /* NSUserDefaults__Segues_and_Protocols_Challenge_SolutionTests.m */,
				C7F7E25C1985AF0400B35B86 /* Supporting Files */,
			);
			path = "NSUserDefaults, Segues and Protocols Challenge SolutionTests";
			sourceTree = "<group>";
		};
		C7F7E25C1985AF0400B35B86 /* Supporting Files */ = {
			isa = PBXGroup;
			children = (
				C7F7E25D1985AF0400B35B86 /* NSUserDefaults, Segues and Protocols Challenge SolutionTests-Info.plist */,
				C7F7E25E1985AF0400B35B86 /* InfoPlist.strings */,
			);
			name = "Supporting Files";
			sourceTree = "<group>";
		};
/* End PBXGroup section */

/* Begin PBXNativeTarget section */
		C7F7E2321985AF0300B35B86 /* NSUserDefaults, Segues and Protocols Challenge Solution */ = {
			isa = PBXNativeTarget;
			buildConfigurationList = C7F7E2651985AF0400B35B86 /* Build configuration list for PBXNativeTarget "NSUserDefaults, Segues and Protocols Challenge Solution" */;
			buildPhases = (
				C7F7E22F1985AF0300B35B86 /* Sources */,
				C7F7E2301985AF0300B35B86 /* Frameworks */,
				C7F7E2311985AF0300B35B86 /* Resources */,
			);
			buildRules = (
			);
			dependencies = (
			);
			name = "NSUserDefaults, Segues and Protocols Challenge Solution";
			productName = "NSUserDefaults, Segues and Protocols Challenge Solution";
			productReference = C7F7E2331985AF0300B35B86 /* NSUserDefaults, Segues and Protocols Challenge Solution.app */;
			productType = "com.apple.product-type.application";
		};
		C7F7E2531985AF0300B35B86 /* NSUserDefaults, Segues and Protocols Challenge SolutionTests */ = {
			isa = PBXNativeTarget;
			buildConfigurationList = C7F7E2681985AF0400B35B86 /* Build configuration list for PBXNativeTarget "NSUserDefaults, Segues and Protocols Challenge SolutionTests" */;
			buildPhases = (
				C7F7E2501985AF0300B35B86 /* Sources */,
				C7F7E2511985AF0300B35B86 /* Frameworks */,
				C7F7E2521985AF0300B35B86 /* Resources */,
			);
			buildRules = (
			);
			dependencies = (
				C7F7E25A1985AF0400B35B86 /* PBXTargetDependency */,
			);
			name = "NSUserDefaults, Segues and Protocols Challenge SolutionTests";
			productName = "NSUserDefaults, Segues and Protocols Challenge SolutionTests";
			productReference = C7F7E2541985AF0300B35B86 /* NSUserDefaults, Segues and Protocols Challenge SolutionTests.xctest */;
			productType = "com.apple.product-type.bundle.unit-test";
		};
/* End PBXNativeTarget section */

/* Begin PBXProject section */
		C7F7E22B1985AF0300B35B86 /* Project object */ = {
			isa = PBXProject;
			attributes = {
				CLASSPREFIX = TEA;
				LastUpgradeCheck = 0510;
				ORGANIZATIONNAME = "Tony Angelo";
				TargetAttributes = {
					C7F7E2531985AF0300B35B86 = {
						TestTargetID = C7F7E2321985AF0300B35B86;
					};
				};
			};
			buildConfigurationList = C7F7E22E1985AF0300B35B86 /* Build configuration list for PBXProject "NSUserDefaults, Segues and Protocols Challenge Solution" */;
			compatibilityVersion = "Xcode 3.2";
			developmentRegion = English;
			hasScannedForEncodings = 0;
			knownRegions = (
				en,
				Base,
			);
			mainGroup = C7F7E22A1985AF0300B35B86;
			productRefGroup = C7F7E2341985AF0300B35B86 /* Products */;
			projectDirPath = "";
			projectRoot = "";
			targets = (
				C7F7E2321985AF0300B35B86 /* NSUserDefaults, Segues and Protocols Challenge Solution */,
				C7F7E2531985AF0300B35B86 /* NSUserDefaults, Segues and Protocols Challenge SolutionTests */,
			);
		};
/* End PBXProject section */

/* Begin PBXResourcesBuildPhase section */
		C7F7E2311985AF0300B35B86 /* Resources */ = {
			isa = PBXResourcesBuildPhase;
			buildActionMask = 2147483647;
			files = (
				C7F7E24F1985AF0300B35B86 /* Images.xcassets in Resources */,
				C7F7E2411985AF0300B35B86 /* InfoPlist.strings in Resources */,
				C7F7E24A1985AF0300B35B86 /* Main.storyboard in Resources */,
			);
			runOnlyForDeploymentPostprocessing = 0;
		};
		C7F7E2521985AF0300B35B86 /* Resources */ = {
			isa = PBXResourcesBuildPhase;
			buildActionMask = 2147483647;
			files = (
				C7F7E2601985AF0400B35B86 /* InfoPlist.strings in Resources */,
			);
			runOnlyForDeploymentPostprocessing = 0;
		};
/* End PBXResourcesBuildPhase section */

/* Begin PBXSourcesBuildPhase section */
		C7F7E22F1985AF0300B35B86 /* Sources */ = {
			isa = PBXSourcesBuildPhase;
			buildActionMask = 2147483647;
			files = (
				C7F7E24D1985AF0300B35B86 /* TEAViewController.m in Sources */,
				C7F7E2431985AF0300B35B86 /* main.m in Sources */,
				C7F7E2471985AF0300B35B86 /* TEAAppDelegate.m in Sources */,
			);
			runOnlyForDeploymentPostprocessing = 0;
		};
		C7F7E2501985AF0300B35B86 /* Sources */ = {
			isa = PBXSourcesBuildPhase;
			buildActionMask = 2147483647;
			files = (
				C7F7E2621985AF0400B35B86 /* NSUserDefaults__Segues_and_Protocols_Challenge_SolutionTests.m in Sources */,
			);
			runOnlyForDeploymentPostprocessing = 0;
		};
/* End PBXSourcesBuildPhase section */

/* Begin PBXTargetDependency section */
		C7F7E25A1985AF0400B35B86 /* PBXTargetDependency */ = {
			isa = PBXTargetDependency;
			target = C7F7E2321985AF0300B35B86 /* NSUserDefaults, Segues and Protocols Challenge Solution */;
			targetProxy = C7F7E2591985AF0400B35B86 /* PBXContainerItemProxy */;
		};
/* End PBXTargetDependency section */

/* Begin PBXVariantGroup section */
		C7F7E23F1985AF0300B35B86 /* InfoPlist.strings */ = {
			isa = PBXVariantGroup;
			children = (
				C7F7E2401985AF0300B35B86 /* en */,
			);
			name = InfoPlist.strings;
			sourceTree = "<group>";
		};
		C7F7E2481985AF0300B35B86 /* Main.storyboard */ = {
			isa = PBXVariantGroup;
			children = (
				C7F7E2491985AF0300B35B86 /* Base */,
			);
			name = Main.storyboard;
			sourceTree = "<group>";
		};
		C7F7E25E1985AF0400B35B86 /* InfoPlist.strings */ = {
			isa = PBXVariantGroup;
			children = (
				C7F7E25F1985AF0400B35B86 /* en */,
			);
			name = InfoPlist.strings;
			sourceTree = "<group>";
		};
/* End PBXVariantGroup section */

/* Begin XCBuildConfiguration section */
		C7F7E2631985AF0400B35B86 /* Debug */ = {
			isa = XCBuildConfiguration;
			buildSettings = {
				ALWAYS_SEARCH_USER_PATHS = NO;
				CLANG_CXX_LANGUAGE_STANDARD = "gnu++0x";
				CLANG_CXX_LIBRARY = "libc++";
				CLANG_ENABLE_MODULES = YES;
				CLANG_ENABLE_OBJC_ARC = YES;
				CLANG_WARN_BOOL_CONVERSION = YES;
				CLANG_WARN_CONSTANT_CONVERSION = YES;
				CLANG_WARN_DIRECT_OBJC_ISA_USAGE = YES_ERROR;
				CLANG_WARN_EMPTY_BODY = YES;
				CLANG_WARN_ENUM_CONVERSION = YES;
				CLANG_WARN_INT_CONVERSION = YES;
				CLANG_WARN_OBJC_ROOT_CLASS = YES_ERROR;
				CLANG_WARN__DUPLICATE_METHOD_MATCH = YES;
				"CODE_SIGN_IDENTITY[sdk=iphoneos*]" = "iPhone Developer";
				COPY_PHASE_STRIP = NO;
				GCC_C_LANGUAGE_STANDARD = gnu99;
				GCC_DYNAMIC_NO_PIC = NO;
				GCC_OPTIMIZATION_LEVEL = 0;
				GCC_PREPROCESSOR_DEFINITIONS = (
					"DEBUG=1",
					"$(inherited)",
				);
				GCC_SYMBOLS_PRIVATE_EXTERN = NO;
				GCC_WARN_64_TO_32_BIT_CONVERSION = YES;
				GCC_WARN_ABOUT_RETURN_TYPE = YES_ERROR;
				GCC_WARN_UNDECLARED_SELECTOR = YES;
				GCC_WARN_UNINITIALIZED_AUTOS = YES_AGGRESSIVE;
				GCC_WARN_UNUSED_FUNCTION = YES;
				GCC_WARN_UNUSED_VARIABLE = YES;
				IPHONEOS_DEPLOYMENT_TARGET = 7.1;
				ONLY_ACTIVE_ARCH = YES;
				SDKROOT = iphoneos;
			};
			name = Debug;
		};
		C7F7E2641985AF0400B35B86 /* Release */ = {
			isa = XCBuildConfiguration;
			buildSettings = {
				ALWAYS_SEARCH_USER_PATHS = NO;
				CLANG_CXX_LANGUAGE_STANDARD = "gnu++0x";
				CLANG_CXX_LIBRARY = "libc++";
				CLANG_ENABLE_MODULES = YES;
				CLANG_ENABLE_OBJC_ARC = YES;
				CLANG_WARN_BOOL_CONVERSION = YES;
				CLANG_WARN_CONSTANT_CONVERSION = YES;
				CLANG_WARN_DIRECT_OBJC_ISA_USAGE = YES_ERROR;
				CLANG_WARN_EMPTY_BODY = YES;
				CLANG_WARN_ENUM_CONVERSION = YES;
				CLANG_WARN_INT_CONVERSION = YES;
				CLANG_WARN_OBJC_ROOT_CLASS = YES_ERROR;
				CLANG_WARN__DUPLICATE_METHOD_MATCH = YES;
				"CODE_SIGN_IDENTITY[sdk=iphoneos*]" = "iPhone Developer";
				COPY_PHASE_STRIP = YES;
				ENABLE_NS_ASSERTIONS = NO;
				GCC_C_LANGUAGE_STANDARD = gnu99;
				GCC_WARN_64_TO_32_BIT_CONVERSION = YES;
				GCC_WARN_ABOUT_RETURN_TYPE = YES_ERROR;
				GCC_WARN_UNDECLARED_SELECTOR = YES;
				GCC_WARN_UNINITIALIZED_AUTOS = YES_AGGRESSIVE;
				GCC_WARN_UNUSED_FUNCTION = YES;
				GCC_WARN_UNUSED_VARIABLE = YES;
				IPHONEOS_DEPLOYMENT_TARGET = 7.1;
				SDKROOT = iphoneos;
				VALIDATE_PRODUCT = YES;
			};
			name = Release;
		};
		C7F7E2661985AF0400B35B86 /* Debug */ = {
			isa = XCBuildConfiguration;
			buildSettings = {
				ASSETCATALOG_COMPILER_APPICON_NAME = AppIcon;
				ASSETCATALOG_COMPILER_LAUNCHIMAGE_NAME = LaunchImage;
				GCC_PRECOMPILE_PREFIX_HEADER = YES;
				GCC_PREFIX_HEADER = "NSUserDefaults, Segues and Protocols Challenge Solution/NSUserDefaults, Segues and Protocols Challenge Solution-Prefix.pch";
				INFOPLIST_FILE = "NSUserDefaults, Segues and Protocols Challenge Solution/NSUserDefaults, Segues and Protocols Challenge Solution-Info.plist";
				PRODUCT_NAME = "$(TARGET_NAME)";
				WRAPPER_EXTENSION = app;
			};
			name = Debug;
		};
		C7F7E2671985AF0400B35B86 /* Release */ = {
			isa = XCBuildConfiguration;
			buildSettings = {
				ASSETCATALOG_COMPILER_APPICON_NAME = AppIcon;
				ASSETCATALOG_COMPILER_LAUNCHIMAGE_NAME = LaunchImage;
				GCC_PRECOMPILE_PREFIX_HEADER = YES;
				GCC_PREFIX_HEADER = "NSUserDefaults, Segues and Protocols Challenge Solution/NSUserDefaults, Segues and Protocols Challenge Solution-Prefix.pch";
				INFOPLIST_FILE = "NSUserDefaults, Segues and Protocols Challenge Solution/NSUserDefaults, Segues and Protocols Challenge Solution-Info.plist";
				PRODUCT_NAME = "$(TARGET_NAME)";
				WRAPPER_EXTENSION = app;
			};
			name = Release;
		};
		C7F7E2691985AF0400B35B86 /* Debug */ = {
			isa = XCBuildConfiguration;
			buildSettings = {
				BUNDLE_LOADER = "$(BUILT_PRODUCTS_DIR)/NSUserDefaults, Segues and Protocols Challenge Solution.app/NSUserDefaults, Segues and Protocols Challenge Solution";
				FRAMEWORK_SEARCH_PATHS = (
					"$(SDKROOT)/Developer/Library/Frameworks",
					"$(inherited)",
					"$(DEVELOPER_FRAMEWORKS_DIR)",
				);
				GCC_PRECOMPILE_PREFIX_HEADER = YES;
				GCC_PREFIX_HEADER = "NSUserDefaults, Segues and Protocols Challenge Solution/NSUserDefaults, Segues and Protocols Challenge Solution-Prefix.pch";
				GCC_PREPROCESSOR_DEFINITIONS = (
					"DEBUG=1",
					"$(inherited)",
				);
				INFOPLIST_FILE = "NSUserDefaults, Segues and Protocols Challenge SolutionTests/NSUserDefaults, Segues and Protocols Challenge SolutionTests-Info.plist";
				PRODUCT_NAME = "$(TARGET_NAME)";
				TEST_HOST = "$(BUNDLE_LOADER)";
				WRAPPER_EXTENSION = xctest;
			};
			name = Debug;
		};
		C7F7E26A1985AF0400B35B86 /* Release */ = {
			isa = XCBuildConfiguration;
			buildSettings = {
				BUNDLE_LOADER = "$(BUILT_PRODUCTS_DIR)/NSUserDefaults, Segues and Protocols Challenge Solution.app/NSUserDefaults, Segues and Protocols Challenge Solution";
				FRAMEWORK_SEARCH_PATHS = (
					"$(SDKROOT)/Developer/Library/Frameworks",
					"$(inherited)",
					"$(DEVELOPER_FRAMEWORKS_DIR)",
				);
				GCC_PRECOMPILE_PREFIX_HEADER = YES;
				GCC_PREFIX_HEADER = "NSUserDefaults, Segues and Protocols Challenge Solution/NSUserDefaults, Segues and Protocols Challenge Solution-Prefix.pch";
				INFOPLIST_FILE = "NSUserDefaults, Segues and Protocols Challenge SolutionTests/NSUserDefaults, Segues and Protocols Challenge SolutionTests-Info.plist";
				PRODUCT_NAME = "$(TARGET_NAME)";
				TEST_HOST = "$(BUNDLE_LOADER)";
				WRAPPER_EXTENSION = xctest;
			};
			name = Release;
		};
/* End XCBuildConfiguration section */

/* Begin XCConfigurationList section */
		C7F7E22E1985AF0300B35B86 /* Build configuration list for PBXProject "NSUserDefaults, Segues and Protocols Challenge Solution" */ = {
			isa = XCConfigurationList;
			buildConfigurations = (
				C7F7E2631985AF0400B35B86 /* Debug */,
				C7F7E2641985AF0400B35B86 /* Release */,
			);
			defaultConfigurationIsVisible = 0;
			defaultConfigurationName = Release;
		};
		C7F7E2651985AF0400B35B86 /* Build configuration list for PBXNativeTarget "NSUserDefaults, Segues and Protocols Challenge Solution" */ = {
			isa = XCConfigurationList;
			buildConfigurations = (
				C7F7E2661985AF0400B35B86 /* Debug */,
				C7F7E2671985AF0400B35B86 /* Release */,
			);
			defaultConfigurationIsVisible = 0;
		};
		C7F7E2681985AF0400B35B86 /* Build configuration list for PBXNativeTarget "NSUserDefaults, Segues and Protocols Challenge SolutionTests" */ = {
			isa = XCConfigurationList;
			buildConfigurations = (
				C7F7E2691985AF0400B35B86 /* Debug */,
				C7F7E26A1985AF0400B35B86 /* Release */,
			);
			defaultConfigurationIsVisible = 0;
		};
/* End XCConfigurationList section */
	};
	rootObject = C7F7E22B1985AF0300B35B86 /* Project object */;
}
